
Microsoft Visual Studio Solution File, Format Version 12.00
# Visual Studio 15
VisualStudioVersion = 15.0.28307.1145
MinimumVisualStudioVersion = 10.0.40219.1
Project("{FAE04EC0-301F-11D3-BF4B-00C04F79EFBC}") = "Empity_Chinh_2", "Empity_Chinh_2\Empity_Chinh_2.csproj", "{67436E7E-AB52-43DF-BA23-1B520A38F48F}"
EndProject
Global
	GlobalSection(SolutionConfigurationPlatforms) = preSolution
		Debug|Any CPU = Debug|Any CPU
		Release|Any CPU = Release|Any CPU
	EndGlobalSection
	GlobalSection(ProjectConfigurationPlatforms) = postSolution
		{67436E7E-AB52-43DF-BA23-1B520A38F48F}.Debug|Any CPU.ActiveCfg = Debug|Any CPU
		{67436E7E-AB52-43DF-BA23-1B520A38F48F}.Debug|Any CPU.Build.0 = Debug|Any CPU
		{67436E7E-AB52-43DF-BA23-1B520A38F48F}.Release|Any CPU.ActiveCfg = Release|Any CPU
		{67436E7E-AB52-43DF-BA23-1B520A38F48F}.Release|Any CPU.Build.0 = Release|Any CPU
	EndGlobalSection
	GlobalSection(SolutionProperties) = preSolution
		HideSolutionNode = FALSE
	EndGlobalSection
	GlobalSection(ExtensibilityGlobals) = postSolution
		SolutionGuid = {8465AECC-2C4F-4842-B988-E2A32A70AD1F}
	EndGlobalSection
EndGlobal
